
Microsoft Visual Studio Solution File, Format Version 12.00
# Visual Studio Version 16
VisualStudioVersion = 25.0.1706.7
MinimumVisualStudioVersion = 10.0.40219.1
Project("{FAE04EC0-301F-11D3-BF4B-00C04F79EFBC}") = "API", "API.csproj", "{F98B6FF8-CEB5-4F79-843C-2237B09D14A7}"
EndProject
Project("{FAE04EC0-301F-11D3-BF4B-00C04F79EFBC}") = "Tests", "..\Tests\Tests.csproj", "{8744A549-2D8F-4992-B9AE-F7E2EE4C883A}"
EndProject
Global
	GlobalSection(SolutionConfigurationPlatforms) = preSolution
		Debug|Any CPU = Debug|Any CPU
		Release|Any CPU = Release|Any CPU
	EndGlobalSection
	GlobalSection(ProjectConfigurationPlatforms) = postSolution
		{F98B6FF8-CEB5-4F79-843C-2237B09D14A7}.Debug|Any CPU.ActiveCfg = Debug|Any CPU
		{F98B6FF8-CEB5-4F79-843C-2237B09D14A7}.Debug|Any CPU.Build.0 = Debug|Any CPU
		{F98B6FF8-CEB5-4F79-843C-2237B09D14A7}.Release|Any CPU.ActiveCfg = Release|Any CPU
		{F98B6FF8-CEB5-4F79-843C-2237B09D14A7}.Release|Any CPU.Build.0 = Release|Any CPU
		{8744A549-2D8F-4992-B9AE-F7E2EE4C883A}.Debug|Any CPU.ActiveCfg = Debug|Any CPU
		{8744A549-2D8F-4992-B9AE-F7E2EE4C883A}.Debug|Any CPU.Build.0 = Debug|Any CPU
		{8744A549-2D8F-4992-B9AE-F7E2EE4C883A}.Release|Any CPU.ActiveCfg = Release|Any CPU
		{8744A549-2D8F-4992-B9AE-F7E2EE4C883A}.Release|Any CPU.Build.0 = Release|Any CPU
	EndGlobalSection
	GlobalSection(SolutionProperties) = preSolution
		HideSolutionNode = FALSE
	EndGlobalSection
	GlobalSection(ExtensibilityGlobals) = postSolution
		SolutionGuid = {F4481F76-7396-4DE2-8667-1E47ED35898D}
	EndGlobalSection
EndGlobal
